
Microsoft Visual Studio Solution File, Format Version 12.00
# Visual Studio 2013
VisualStudioVersion = 12.0.30501.0
MinimumVisualStudioVersion = 10.0.40219.1
Project("{FAE04EC0-301F-11D3-BF4B-00C04F79EFBC}") = "Core", "Core\Core.csproj", "{A7539541-8243-42BF-9932-62D38794C074}"
EndProject
Project("{FAE04EC0-301F-11D3-BF4B-00C04F79EFBC}") = "Cli", "Cli\Cli.csproj", "{4E4683F6-9EF9-4261-8C7D-9471B8FCEB5F}"
EndProject
Global
	GlobalSection(SolutionConfigurationPlatforms) = preSolution
		Debug|Any CPU = Debug|Any CPU
		Release|Any CPU = Release|Any CPU
	EndGlobalSection
	GlobalSection(ProjectConfigurationPlatforms) = postSolution
		{A7539541-8243-42BF-9932-62D38794C074}.Debug|Any CPU.ActiveCfg = Debug|Any CPU
		{A7539541-8243-42BF-9932-62D38794C074}.Debug|Any CPU.Build.0 = Debug|Any CPU
		{A7539541-8243-42BF-9932-62D38794C074}.Release|Any CPU.ActiveCfg = Release|Any CPU
		{A7539541-8243-42BF-9932-62D38794C074}.Release|Any CPU.Build.0 = Release|Any CPU
		{4E4683F6-9EF9-4261-8C7D-9471B8FCEB5F}.Debug|Any CPU.ActiveCfg = Debug|Any CPU
		{4E4683F6-9EF9-4261-8C7D-9471B8FCEB5F}.Debug|Any CPU.Build.0 = Debug|Any CPU
		{4E4683F6-9EF9-4261-8C7D-9471B8FCEB5F}.Release|Any CPU.ActiveCfg = Release|Any CPU
		{4E4683F6-9EF9-4261-8C7D-9471B8FCEB5F}.Release|Any CPU.Build.0 = Release|Any CPU
	EndGlobalSection
	GlobalSection(SolutionProperties) = preSolution
		HideSolutionNode = FALSE
	EndGlobalSection
EndGlobal
